// !$*UTF8*$!
{
	archiveVersion = 1;
	classes = {
	};
	objectVersion = 56;
	objects = {

/* Begin PBXBuildFile section */
		9D0237BC29175129009CB6AD /* NasaAppApp.swift in Sources */ = {isa = PBXBuildFile; fileRef = 9D0237BB29175129009CB6AD /* NasaAppApp.swift */; };
		9D0237BE29175129009CB6AD /* ContentView.swift in Sources */ = {isa = PBXBuildFile; fileRef = 9D0237BD29175129009CB6AD /* ContentView.swift */; };
		9D0237C02917512B009CB6AD /* Assets.xcassets in Resources */ = {isa = PBXBuildFile; fileRef = 9D0237BF2917512B009CB6AD /* Assets.xcassets */; };
		9D0237C32917512B009CB6AD /* Preview Assets.xcassets in Resources */ = {isa = PBXBuildFile; fileRef = 9D0237C22917512B009CB6AD /* Preview Assets.xcassets */; };
		9D0237CD2917512B009CB6AD /* NasaAppTests.swift in Sources */ = {isa = PBXBuildFile; fileRef = 9D0237CC2917512B009CB6AD /* NasaAppTests.swift */; };
		9D0237D72917512B009CB6AD /* NasaAppUITests.swift in Sources */ = {isa = PBXBuildFile; fileRef = 9D0237D62917512B009CB6AD /* NasaAppUITests.swift */; };
		9D0237D92917512B009CB6AD /* NasaAppUITestsLaunchTests.swift in Sources */ = {isa = PBXBuildFile; fileRef = 9D0237D82917512B009CB6AD /* NasaAppUITestsLaunchTests.swift */; };
		9D0237E929175A9C009CB6AD /* NasaDataModel.swift in Sources */ = {isa = PBXBuildFile; fileRef = 9D0237E829175A9C009CB6AD /* NasaDataModel.swift */; };
		9D0237EB29175AEE009CB6AD /* SearchView.swift in Sources */ = {isa = PBXBuildFile; fileRef = 9D0237EA29175AEE009CB6AD /* SearchView.swift */; };
		9D0237ED29175B12009CB6AD /* SearchViewModel.swift in Sources */ = {isa = PBXBuildFile; fileRef = 9D0237EC29175B12009CB6AD /* SearchViewModel.swift */; };
		9D0237F029175C21009CB6AD /* NasaAPI.swift in Sources */ = {isa = PBXBuildFile; fileRef = 9D0237EF29175C21009CB6AD /* NasaAPI.swift */; };
		9D0237F22917A55D009CB6AD /* EmptyPlaceholderView.swift in Sources */ = {isa = PBXBuildFile; fileRef = 9D0237F12917A55D009CB6AD /* EmptyPlaceholderView.swift */; };
		9D0237F42917A9C1009CB6AD /* ImageListView.swift in Sources */ = {isa = PBXBuildFile; fileRef = 9D0237F32917A9C1009CB6AD /* ImageListView.swift */; };
		9D0237F62917BC47009CB6AD /* ImageRowView.swift in Sources */ = {isa = PBXBuildFile; fileRef = 9D0237F52917BC47009CB6AD /* ImageRowView.swift */; };
		9D0237F82917C0F3009CB6AD /* ImageDetailView.swift in Sources */ = {isa = PBXBuildFile; fileRef = 9D0237F72917C0F3009CB6AD /* ImageDetailView.swift */; };
/* End PBXBuildFile section */

/* Begin PBXContainerItemProxy section */
		9D0237C92917512B009CB6AD /* PBXContainerItemProxy */ = {
			isa = PBXContainerItemProxy;
			containerPortal = 9D0237B029175129009CB6AD /* Project object */;
			proxyType = 1;
			remoteGlobalIDString = 9D0237B729175129009CB6AD;
			remoteInfo = NasaApp;
		};
		9D0237D32917512B009CB6AD /* PBXContainerItemProxy */ = {
			isa = PBXContainerItemProxy;
			containerPortal = 9D0237B029175129009CB6AD /* Project object */;
			proxyType = 1;
			remoteGlobalIDString = 9D0237B729175129009CB6AD;
			remoteInfo = NasaApp;
		};
/* End PBXContainerItemProxy section */

/* Begin PBXFileReference section */
		9D0237B829175129009CB6AD /* NasaApp.app */ = {isa = PBXFileReference; explicitFileType = wrapper.application; includeInIndex = 0; path = NasaApp.app; sourceTree = BUILT_PRODUCTS_DIR; };
		9D0237BB29175129009CB6AD /* NasaAppApp.swift */ = {isa = PBXFileReference; lastKnownFileType = sourcecode.swift; path = NasaAppApp.swift; sourceTree = "<group>"; };
		9D0237BD29175129009CB6AD /* ContentView.swift */ = {isa = PBXFileReference; lastKnownFileType = sourcecode.swift; path = ContentView.swift; sourceTree = "<group>"; };
		9D0237BF2917512B009CB6AD /* Assets.xcassets */ = {isa = PBXFileReference; lastKnownFileType = folder.assetcatalog; path = Assets.xcassets; sourceTree = "<group>"; };
		9D0237C22917512B009CB6AD /* Preview Assets.xcassets */ = {isa = PBXFileReference; lastKnownFileType = folder.assetcatalog; path = "Preview Assets.xcassets"; sourceTree = "<group>"; };
		9D0237C82917512B009CB6AD /* NasaAppTests.xctest */ = {isa = PBXFileReference; explicitFileType = wrapper.cfbundle; includeInIndex = 0; path = NasaAppTests.xctest; sourceTree = BUILT_PRODUCTS_DIR; };
		9D0237CC2917512B009CB6AD /* NasaAppTests.swift */ = {isa = PBXFileReference; lastKnownFileType = sourcecode.swift; path = NasaAppTests.swift; sourceTree = "<group>"; };
		9D0237D22917512B009CB6AD /* NasaAppUITests.xctest */ = {isa = PBXFileReference; explicitFileType = wrapper.cfbundle; includeInIndex = 0; path = NasaAppUITests.xctest; sourceTree = BUILT_PRODUCTS_DIR; };
		9D0237D62917512B009CB6AD /* NasaAppUITests.swift */ = {isa = PBXFileReference; lastKnownFileType = sourcecode.swift; path = NasaAppUITests.swift; sourceTree = "<group>"; };
		9D0237D82917512B009CB6AD /* NasaAppUITestsLaunchTests.swift */ = {isa = PBXFileReference; lastKnownFileType = sourcecode.swift; path = NasaAppUITestsLaunchTests.swift; sourceTree = "<group>"; };
		9D0237E829175A9C009CB6AD /* NasaDataModel.swift */ = {isa = PBXFileReference; lastKnownFileType = sourcecode.swift; path = NasaDataModel.swift; sourceTree = "<group>"; };
		9D0237EA29175AEE009CB6AD /* SearchView.swift */ = {isa = PBXFileReference; lastKnownFileType = sourcecode.swift; path = SearchView.swift; sourceTree = "<group>"; };
		9D0237EC29175B12009CB6AD /* SearchViewModel.swift */ = {isa = PBXFileReference; lastKnownFileType = sourcecode.swift; path = SearchViewModel.swift; sourceTree = "<group>"; };
		9D0237EF29175C21009CB6AD /* NasaAPI.swift */ = {isa = PBXFileReference; lastKnownFileType = sourcecode.swift; path = NasaAPI.swift; sourceTree = "<group>"; };
		9D0237F12917A55D009CB6AD /* EmptyPlaceholderView.swift */ = {isa = PBXFileReference; lastKnownFileType = sourcecode.swift; path = EmptyPlaceholderView.swift; sourceTree = "<group>"; };
		9D0237F32917A9C1009CB6AD /* ImageListView.swift */ = {isa = PBXFileReference; lastKnownFileType = sourcecode.swift; path = ImageListView.swift; sourceTree = "<group>"; };
		9D0237F52917BC47009CB6AD /* ImageRowView.swift */ = {isa = PBXFileReference; lastKnownFileType = sourcecode.swift; path = ImageRowView.swift; sourceTree = "<group>"; };
		9D0237F72917C0F3009CB6AD /* ImageDetailView.swift */ = {isa = PBXFileReference; lastKnownFileType = sourcecode.swift; path = ImageDetailView.swift; sourceTree = "<group>"; };
/* End PBXFileReference section */

/* Begin PBXFrameworksBuildPhase section */
		9D0237B529175129009CB6AD /* Frameworks */ = {
			isa = PBXFrameworksBuildPhase;
			buildActionMask = 2147483647;
			files = (
			);
			runOnlyForDeploymentPostprocessing = 0;
		};
		9D0237C52917512B009CB6AD /* Frameworks */ = {
			isa = PBXFrameworksBuildPhase;
			buildActionMask = 2147483647;
			files = (
			);
			runOnlyForDeploymentPostprocessing = 0;
		};
		9D0237CF2917512B009CB6AD /* Frameworks */ = {
			isa = PBXFrameworksBuildPhase;
			buildActionMask = 2147483647;
			files = (
			);
			runOnlyForDeploymentPostprocessing = 0;
		};
/* End PBXFrameworksBuildPhase section */

/* Begin PBXGroup section */
		9D0237AF29175129009CB6AD = {
			isa = PBXGroup;
			children = (
				9D0237BA29175129009CB6AD /* NasaApp */,
				9D0237CB2917512B009CB6AD /* NasaAppTests */,
				9D0237D52917512B009CB6AD /* NasaAppUITests */,
				9D0237B929175129009CB6AD /* Products */,
			);
			sourceTree = "<group>";
		};
		9D0237B929175129009CB6AD /* Products */ = {
			isa = PBXGroup;
			children = (
				9D0237B829175129009CB6AD /* NasaApp.app */,
				9D0237C82917512B009CB6AD /* NasaAppTests.xctest */,
				9D0237D22917512B009CB6AD /* NasaAppUITests.xctest */,
			);
			name = Products;
			sourceTree = "<group>";
		};
		9D0237BA29175129009CB6AD /* NasaApp */ = {
			isa = PBXGroup;
			children = (
				9D0237BB29175129009CB6AD /* NasaAppApp.swift */,
				9D0237EE29175C0B009CB6AD /* API */,
				9D0237E7291753C5009CB6AD /* Model */,
				9D0237E6291753BC009CB6AD /* ViewModel */,
				9D0237E5291753B1009CB6AD /* View */,
				9D0237BF2917512B009CB6AD /* Assets.xcassets */,
				9D0237C12917512B009CB6AD /* Preview Content */,
			);
			path = NasaApp;
			sourceTree = "<group>";
		};
		9D0237C12917512B009CB6AD /* Preview Content */ = {
			isa = PBXGroup;
			children = (
				9D0237C22917512B009CB6AD /* Preview Assets.xcassets */,
			);
			path = "Preview Content";
			sourceTree = "<group>";
		};
		9D0237CB2917512B009CB6AD /* NasaAppTests */ = {
			isa = PBXGroup;
			children = (
				9D0237CC2917512B009CB6AD /* NasaAppTests.swift */,
			);
			path = NasaAppTests;
			sourceTree = "<group>";
		};
		9D0237D52917512B009CB6AD /* NasaAppUITests */ = {
			isa = PBXGroup;
			children = (
				9D0237D62917512B009CB6AD /* NasaAppUITests.swift */,
				9D0237D82917512B009CB6AD /* NasaAppUITestsLaunchTests.swift */,
			);
			path = NasaAppUITests;
			sourceTree = "<group>";
		};
		9D0237E5291753B1009CB6AD /* View */ = {
			isa = PBXGroup;
			children = (
				9D0237BD29175129009CB6AD /* ContentView.swift */,
				9D0237F32917A9C1009CB6AD /* ImageListView.swift */,
				9D0237F52917BC47009CB6AD /* ImageRowView.swift */,
				9D0237EA29175AEE009CB6AD /* SearchView.swift */,
				9D0237F72917C0F3009CB6AD /* ImageDetailView.swift */,
				9D0237F12917A55D009CB6AD /* EmptyPlaceholderView.swift */,
			);
			path = View;
			sourceTree = "<group>";
		};
		9D0237E6291753BC009CB6AD /* ViewModel */ = {
			isa = PBXGroup;
			children = (
				9D0237EC29175B12009CB6AD /* SearchViewModel.swift */,
			);
			path = ViewModel;
			sourceTree = "<group>";
		};
		9D0237E7291753C5009CB6AD /* Model */ = {
			isa = PBXGroup;
			children = (
				9D0237E829175A9C009CB6AD /* NasaDataModel.swift */,
			);
			path = Model;
			sourceTree = "<group>";
		};
		9D0237EE29175C0B009CB6AD /* API */ = {
			isa = PBXGroup;
			children = (
				9D0237EF29175C21009CB6AD /* NasaAPI.swift */,
			);
			path = API;
			sourceTree = "<group>";
		};
/* End PBXGroup section */

/* Begin PBXNativeTarget section */
		9D0237B729175129009CB6AD /* NasaApp */ = {
			isa = PBXNativeTarget;
			buildConfigurationList = 9D0237DC2917512B009CB6AD /* Build configuration list for PBXNativeTarget "NasaApp" */;
			buildPhases = (
				9D0237B429175129009CB6AD /* Sources */,
				9D0237B529175129009CB6AD /* Frameworks */,
				9D0237B629175129009CB6AD /* Resources */,
			);
			buildRules = (
			);
			dependencies = (
			);
			name = NasaApp;
			productName = NasaApp;
			productReference = 9D0237B829175129009CB6AD /* NasaApp.app */;
			productType = "com.apple.product-type.application";
		};
		9D0237C72917512B009CB6AD /* NasaAppTests */ = {
			isa = PBXNativeTarget;
			buildConfigurationList = 9D0237DF2917512B009CB6AD /* Build configuration list for PBXNativeTarget "NasaAppTests" */;
			buildPhases = (
				9D0237C42917512B009CB6AD /* Sources */,
				9D0237C52917512B009CB6AD /* Frameworks */,
				9D0237C62917512B009CB6AD /* Resources */,
			);
			buildRules = (
			);
			dependencies = (
				9D0237CA2917512B009CB6AD /* PBXTargetDependency */,
			);
			name = NasaAppTests;
			productName = NasaAppTests;
			productReference = 9D0237C82917512B009CB6AD /* NasaAppTests.xctest */;
			productType = "com.apple.product-type.bundle.unit-test";
		};
		9D0237D12917512B009CB6AD /* NasaAppUITests */ = {
			isa = PBXNativeTarget;
			buildConfigurationList = 9D0237E22917512B009CB6AD /* Build configuration list for PBXNativeTarget "NasaAppUITests" */;
			buildPhases = (
				9D0237CE2917512B009CB6AD /* Sources */,
				9D0237CF2917512B009CB6AD /* Frameworks */,
				9D0237D02917512B009CB6AD /* Resources */,
			);
			buildRules = (
			);
			dependencies = (
				9D0237D42917512B009CB6AD /* PBXTargetDependency */,
			);
			name = NasaAppUITests;
			productName = NasaAppUITests;
			productReference = 9D0237D22917512B009CB6AD /* NasaAppUITests.xctest */;
			productType = "com.apple.product-type.bundle.ui-testing";
		};
/* End PBXNativeTarget section */

/* Begin PBXProject section */
		9D0237B029175129009CB6AD /* Project object */ = {
			isa = PBXProject;
			attributes = {
				BuildIndependentTargetsInParallel = 1;
				LastSwiftUpdateCheck = 1410;
				LastUpgradeCheck = 1410;
				TargetAttributes = {
					9D0237B729175129009CB6AD = {
						CreatedOnToolsVersion = 14.1;
					};
					9D0237C72917512B009CB6AD = {
						CreatedOnToolsVersion = 14.1;
						TestTargetID = 9D0237B729175129009CB6AD;
					};
					9D0237D12917512B009CB6AD = {
						CreatedOnToolsVersion = 14.1;
						TestTargetID = 9D0237B729175129009CB6AD;
					};
				};
			};
			buildConfigurationList = 9D0237B329175129009CB6AD /* Build configuration list for PBXProject "NasaApp" */;
			compatibilityVersion = "Xcode 14.0";
			developmentRegion = en;
			hasScannedForEncodings = 0;
			knownRegions = (
				en,
				Base,
			);
			mainGroup = 9D0237AF29175129009CB6AD;
			productRefGroup = 9D0237B929175129009CB6AD /* Products */;
			projectDirPath = "";
			projectRoot = "";
			targets = (
				9D0237B729175129009CB6AD /* NasaApp */,
				9D0237C72917512B009CB6AD /* NasaAppTests */,
				9D0237D12917512B009CB6AD /* NasaAppUITests */,
			);
		};
/* End PBXProject section */

/* Begin PBXResourcesBuildPhase section */
		9D0237B629175129009CB6AD /* Resources */ = {
			isa = PBXResourcesBuildPhase;
			buildActionMask = 2147483647;
			files = (
				9D0237C32917512B009CB6AD /* Preview Assets.xcassets in Resources */,
				9D0237C02917512B009CB6AD /* Assets.xcassets in Resources */,
			);
			runOnlyForDeploymentPostprocessing = 0;
		};
		9D0237C62917512B009CB6AD /* Resources */ = {
			isa = PBXResourcesBuildPhase;
			buildActionMask = 2147483647;
			files = (
			);
			runOnlyForDeploymentPostprocessing = 0;
		};
		9D0237D02917512B009CB6AD /* Resources */ = {
			isa = PBXResourcesBuildPhase;
			buildActionMask = 2147483647;
			files = (
			);
			runOnlyForDeploymentPostprocessing = 0;
		};
/* End PBXResourcesBuildPhase section */

/* Begin PBXSourcesBuildPhase section */
		9D0237B429175129009CB6AD /* Sources */ = {
			isa = PBXSourcesBuildPhase;
			buildActionMask = 2147483647;
			files = (
				9D0237F42917A9C1009CB6AD /* ImageListView.swift in Sources */,
				9D0237EB29175AEE009CB6AD /* SearchView.swift in Sources */,
				9D0237F029175C21009CB6AD /* NasaAPI.swift in Sources */,
				9D0237ED29175B12009CB6AD /* SearchViewModel.swift in Sources */,
				9D0237BE29175129009CB6AD /* ContentView.swift in Sources */,
				9D0237F22917A55D009CB6AD /* EmptyPlaceholderView.swift in Sources */,
				9D0237F62917BC47009CB6AD /* ImageRowView.swift in Sources */,
				9D0237E929175A9C009CB6AD /* NasaDataModel.swift in Sources */,
				9D0237BC29175129009CB6AD /* NasaAppApp.swift in Sources */,
				9D0237F82917C0F3009CB6AD /* ImageDetailView.swift in Sources */,
			);
			runOnlyForDeploymentPostprocessing = 0;
		};
		9D0237C42917512B009CB6AD /* Sources */ = {
			isa = PBXSourcesBuildPhase;
			buildActionMask = 2147483647;
			files = (
				9D0237CD2917512B009CB6AD /* NasaAppTests.swift in Sources */,
			);
			runOnlyForDeploymentPostprocessing = 0;
		};
		9D0237CE2917512B009CB6AD /* Sources */ = {
			isa = PBXSourcesBuildPhase;
			buildActionMask = 2147483647;
			files = (
				9D0237D72917512B009CB6AD /* NasaAppUITests.swift in Sources */,
				9D0237D92917512B009CB6AD /* NasaAppUITestsLaunchTests.swift in Sources */,
			);
			runOnlyForDeploymentPostprocessing = 0;
		};
/* End PBXSourcesBuildPhase section */

/* Begin PBXTargetDependency section */
		9D0237CA2917512B009CB6AD /* PBXTargetDependency */ = {
			isa = PBXTargetDependency;
			target = 9D0237B729175129009CB6AD /* NasaApp */;
			targetProxy = 9D0237C92917512B009CB6AD /* PBXContainerItemProxy */;
		};
		9D0237D42917512B009CB6AD /* PBXTargetDependency */ = {
			isa = PBXTargetDependency;
			target = 9D0237B729175129009CB6AD /* NasaApp */;
			targetProxy = 9D0237D32917512B009CB6AD /* PBXContainerItemProxy */;
		};
/* End PBXTargetDependency section */

/* Begin XCBuildConfiguration section */
		9D0237DA2917512B009CB6AD /* Debug */ = {
			isa = XCBuildConfiguration;
			buildSettings = {
				ALWAYS_SEARCH_USER_PATHS = NO;
				CLANG_ANALYZER_NONNULL = YES;
				CLANG_ANALYZER_NUMBER_OBJECT_CONVERSION = YES_AGGRESSIVE;
				CLANG_CXX_LANGUAGE_STANDARD = "gnu++20";
				CLANG_ENABLE_MODULES = YES;
				CLANG_ENABLE_OBJC_ARC = YES;
				CLANG_ENABLE_OBJC_WEAK = YES;
				CLANG_WARN_BLOCK_CAPTURE_AUTORELEASING = YES;
				CLANG_WARN_BOOL_CONVERSION = YES;
				CLANG_WARN_COMMA = YES;
				CLANG_WARN_CONSTANT_CONVERSION = YES;
				CLANG_WARN_DEPRECATED_OBJC_IMPLEMENTATIONS = YES;
				CLANG_WARN_DIRECT_OBJC_ISA_USAGE = YES_ERROR;
				CLANG_WARN_DOCUMENTATION_COMMENTS = YES;
				CLANG_WARN_EMPTY_BODY = YES;
				CLANG_WARN_ENUM_CONVERSION = YES;
				CLANG_WARN_INFINITE_RECURSION = YES;
				CLANG_WARN_INT_CONVERSION = YES;
				CLANG_WARN_NON_LITERAL_NULL_CONVERSION = YES;
				CLANG_WARN_OBJC_IMPLICIT_RETAIN_SELF = YES;
				CLANG_WARN_OBJC_LITERAL_CONVERSION = YES;
				CLANG_WARN_OBJC_ROOT_CLASS = YES_ERROR;
				CLANG_WARN_QUOTED_INCLUDE_IN_FRAMEWORK_HEADER = YES;
				CLANG_WARN_RANGE_LOOP_ANALYSIS = YES;
				CLANG_WARN_STRICT_PROTOTYPES = YES;
				CLANG_WARN_SUSPICIOUS_MOVE = YES;
				CLANG_WARN_UNGUARDED_AVAILABILITY = YES_AGGRESSIVE;
				CLANG_WARN_UNREACHABLE_CODE = YES;
				CLANG_WARN__DUPLICATE_METHOD_MATCH = YES;
				COPY_PHASE_STRIP = NO;
				DEBUG_INFORMATION_FORMAT = dwarf;
				ENABLE_STRICT_OBJC_MSGSEND = YES;
				ENABLE_TESTABILITY = YES;
				GCC_C_LANGUAGE_STANDARD = gnu11;
				GCC_DYNAMIC_NO_PIC = NO;
				GCC_NO_COMMON_BLOCKS = YES;
				GCC_OPTIMIZATION_LEVEL = 0;
				GCC_PREPROCESSOR_DEFINITIONS = (
					"DEBUG=1",
					"$(inherited)",
				);
				GCC_WARN_64_TO_32_BIT_CONVERSION = YES;
				GCC_WARN_ABOUT_RETURN_TYPE = YES_ERROR;
				GCC_WARN_UNDECLARED_SELECTOR = YES;
				GCC_WARN_UNINITIALIZED_AUTOS = YES_AGGRESSIVE;
				GCC_WARN_UNUSED_FUNCTION = YES;
				GCC_WARN_UNUSED_VARIABLE = YES;
				IPHONEOS_DEPLOYMENT_TARGET = 16.1;
				MTL_ENABLE_DEBUG_INFO = INCLUDE_SOURCE;
				MTL_FAST_MATH = YES;
				ONLY_ACTIVE_ARCH = YES;
				SDKROOT = iphoneos;
				SWIFT_ACTIVE_COMPILATION_CONDITIONS = DEBUG;
				SWIFT_OPTIMIZATION_LEVEL = "-Onone";
			};
			name = Debug;
		};
		9D0237DB2917512B009CB6AD /* Release */ = {
			isa = XCBuildConfiguration;
			buildSettings = {
				ALWAYS_SEARCH_USER_PATHS = NO;
				CLANG_ANALYZER_NONNULL = YES;
				CLANG_ANALYZER_NUMBER_OBJECT_CONVERSION = YES_AGGRESSIVE;
				CLANG_CXX_LANGUAGE_STANDARD = "gnu++20";
				CLANG_ENABLE_MODULES = YES;
				CLANG_ENABLE_OBJC_ARC = YES;
				CLANG_ENABLE_OBJC_WEAK = YES;
				CLANG_WARN_BLOCK_CAPTURE_AUTORELEASING = YES;
				CLANG_WARN_BOOL_CONVERSION = YES;
				CLANG_WARN_COMMA = YES;
				CLANG_WARN_CONSTANT_CONVERSION = YES;
				CLANG_WARN_DEPRECATED_OBJC_IMPLEMENTATIONS = YES;
				CLANG_WARN_DIRECT_OBJC_ISA_USAGE = YES_ERROR;
				CLANG_WARN_DOCUMENTATION_COMMENTS = YES;
				CLANG_WARN_EMPTY_BODY = YES;
				CLANG_WARN_ENUM_CONVERSION = YES;
				CLANG_WARN_INFINITE_RECURSION = YES;
				CLANG_WARN_INT_CONVERSION = YES;
				CLANG_WARN_NON_LITERAL_NULL_CONVERSION = YES;
				CLANG_WARN_OBJC_IMPLICIT_RETAIN_SELF = YES;
				CLANG_WARN_OBJC_LITERAL_CONVERSION = YES;
				CLANG_WARN_OBJC_ROOT_CLASS = YES_ERROR;
				CLANG_WARN_QUOTED_INCLUDE_IN_FRAMEWORK_HEADER = YES;
				CLANG_WARN_RANGE_LOOP_ANALYSIS = YES;
				CLANG_WARN_STRICT_PROTOTYPES = YES;
				CLANG_WARN_SUSPICIOUS_MOVE = YES;
				CLANG_WARN_UNGUARDED_AVAILABILITY = YES_AGGRESSIVE;
				CLANG_WARN_UNREACHABLE_CODE = YES;
				CLANG_WARN__DUPLICATE_METHOD_MATCH = YES;
				COPY_PHASE_STRIP = NO;
				DEBUG_INFORMATION_FORMAT = "dwarf-with-dsym";
				ENABLE_NS_ASSERTIONS = NO;
				ENABLE_STRICT_OBJC_MSGSEND = YES;
				GCC_C_LANGUAGE_STANDARD = gnu11;
				GCC_NO_COMMON_BLOCKS = YES;
				GCC_WARN_64_TO_32_BIT_CONVERSION = YES;
				GCC_WARN_ABOUT_RETURN_TYPE = YES_ERROR;
				GCC_WARN_UNDECLARED_SELECTOR = YES;
				GCC_WARN_UNINITIALIZED_AUTOS = YES_AGGRESSIVE;
				GCC_WARN_UNUSED_FUNCTION = YES;
				GCC_WARN_UNUSED_VARIABLE = YES;
				IPHONEOS_DEPLOYMENT_TARGET = 16.1;
				MTL_ENABLE_DEBUG_INFO = NO;
				MTL_FAST_MATH = YES;
				SDKROOT = iphoneos;
				SWIFT_COMPILATION_MODE = wholemodule;
				SWIFT_OPTIMIZATION_LEVEL = "-O";
				VALIDATE_PRODUCT = YES;
			};
			name = Release;
		};
		9D0237DD2917512B009CB6AD /* Debug */ = {
			isa = XCBuildConfiguration;
			buildSettings = {
				ASSETCATALOG_COMPILER_APPICON_NAME = AppIcon;
				ASSETCATALOG_COMPILER_GLOBAL_ACCENT_COLOR_NAME = AccentColor;
				CODE_SIGN_STYLE = Automatic;
				CURRENT_PROJECT_VERSION = 1;
				DEVELOPMENT_ASSET_PATHS = "\"NasaApp/Preview Content\"";
				DEVELOPMENT_TEAM = G5MKB94D7W;
				ENABLE_PREVIEWS = YES;
				GENERATE_INFOPLIST_FILE = YES;
				INFOPLIST_KEY_UIApplicationSceneManifest_Generation = YES;
				INFOPLIST_KEY_UIApplicationSupportsIndirectInputEvents = YES;
				INFOPLIST_KEY_UILaunchScreen_Generation = YES;
				INFOPLIST_KEY_UISupportedInterfaceOrientations_iPad = "UIInterfaceOrientationPortrait UIInterfaceOrientationPortraitUpsideDown UIInterfaceOrientationLandscapeLeft UIInterfaceOrientationLandscapeRight";
				INFOPLIST_KEY_UISupportedInterfaceOrientations_iPhone = "UIInterfaceOrientationPortrait UIInterfaceOrientationLandscapeLeft UIInterfaceOrientationLandscapeRight";
				LD_RUNPATH_SEARCH_PATHS = (
					"$(inherited)",
					"@executable_path/Frameworks",
				);
				MARKETING_VERSION = 1.0;
				PRODUCT_BUNDLE_IDENTIFIER = job.NasaApp;
				PRODUCT_NAME = "$(TARGET_NAME)";
				SWIFT_EMIT_LOC_STRINGS = YES;
				SWIFT_VERSION = 5.0;
				TARGETED_DEVICE_FAMILY = "1,2";
			};
			name = Debug;
		};
		9D0237DE2917512B009CB6AD /* Release */ = {
			isa = XCBuildConfiguration;
			buildSettings = {
				ASSETCATALOG_COMPILER_APPICON_NAME = AppIcon;
				ASSETCATALOG_COMPILER_GLOBAL_ACCENT_COLOR_NAME = AccentColor;
				CODE_SIGN_STYLE = Automatic;
				CURRENT_PROJECT_VERSION = 1;
				DEVELOPMENT_ASSET_PATHS = "\"NasaApp/Preview Content\"";
				DEVELOPMENT_TEAM = G5MKB94D7W;
				ENABLE_PREVIEWS = YES;
				GENERATE_INFOPLIST_FILE = YES;
				INFOPLIST_KEY_UIApplicationSceneManifest_Generation = YES;
				INFOPLIST_KEY_UIApplicationSupportsIndirectInputEvents = YES;
				INFOPLIST_KEY_UILaunchScreen_Generation = YES;
				INFOPLIST_KEY_UISupportedInterfaceOrientations_iPad = "UIInterfaceOrientationPortrait UIInterfaceOrientationPortraitUpsideDown UIInterfaceOrientationLandscapeLeft UIInterfaceOrientationLandscapeRight";
				INFOPLIST_KEY_UISupportedInterfaceOrientations_iPhone = "UIInterfaceOrientationPortrait UIInterfaceOrientationLandscapeLeft UIInterfaceOrientationLandscapeRight";
				LD_RUNPATH_SEARCH_PATHS = (
					"$(inherited)",
					"@executable_path/Frameworks",
				);
				MARKETING_VERSION = 1.0;
				PRODUCT_BUNDLE_IDENTIFIER = job.NasaApp;
				PRODUCT_NAME = "$(TARGET_NAME)";
				SWIFT_EMIT_LOC_STRINGS = YES;
				SWIFT_VERSION = 5.0;
				TARGETED_DEVICE_FAMILY = "1,2";
			};
			name = Release;
		};
		9D0237E02917512B009CB6AD /* Debug */ = {
			isa = XCBuildConfiguration;
			buildSettings = {
				ALWAYS_EMBED_SWIFT_STANDARD_LIBRARIES = YES;
				BUNDLE_LOADER = "$(TEST_HOST)";
				CODE_SIGN_STYLE = Automatic;
				CURRENT_PROJECT_VERSION = 1;
				DEVELOPMENT_TEAM = G5MKB94D7W;
				GENERATE_INFOPLIST_FILE = YES;
				IPHONEOS_DEPLOYMENT_TARGET = 16.1;
				MARKETING_VERSION = 1.0;
				PRODUCT_BUNDLE_IDENTIFIER = job.NasaAppTests;
				PRODUCT_NAME = "$(TARGET_NAME)";
				SWIFT_EMIT_LOC_STRINGS = NO;
				SWIFT_VERSION = 5.0;
				TARGETED_DEVICE_FAMILY = "1,2";
				TEST_HOST = "$(BUILT_PRODUCTS_DIR)/NasaApp.app/$(BUNDLE_EXECUTABLE_FOLDER_PATH)/NasaApp";
			};
			name = Debug;
		};
		9D0237E12917512B009CB6AD /* Release */ = {
			isa = XCBuildConfiguration;
			buildSettings = {
				ALWAYS_EMBED_SWIFT_STANDARD_LIBRARIES = YES;
				BUNDLE_LOADER = "$(TEST_HOST)";
				CODE_SIGN_STYLE = Automatic;
				CURRENT_PROJECT_VERSION = 1;
				DEVELOPMENT_TEAM = G5MKB94D7W;
				GENERATE_INFOPLIST_FILE = YES;
				IPHONEOS_DEPLOYMENT_TARGET = 16.1;
				MARKETING_VERSION = 1.0;
				PRODUCT_BUNDLE_IDENTIFIER = job.NasaAppTests;
				PRODUCT_NAME = "$(TARGET_NAME)";
				SWIFT_EMIT_LOC_STRINGS = NO;
				SWIFT_VERSION = 5.0;
				TARGETED_DEVICE_FAMILY = "1,2";
				TEST_HOST = "$(BUILT_PRODUCTS_DIR)/NasaApp.app/$(BUNDLE_EXECUTABLE_FOLDER_PATH)/NasaApp";
			};
			name = Release;
		};
		9D0237E32917512B009CB6AD /* Debug */ = {
			isa = XCBuildConfiguration;
			buildSettings = {
				ALWAYS_EMBED_SWIFT_STANDARD_LIBRARIES = YES;
				CODE_SIGN_STYLE = Automatic;
				CURRENT_PROJECT_VERSION = 1;
				DEVELOPMENT_TEAM = G5MKB94D7W;
				GENERATE_INFOPLIST_FILE = YES;
				MARKETING_VERSION = 1.0;
				PRODUCT_BUNDLE_IDENTIFIER = job.NasaAppUITests;
				PRODUCT_NAME = "$(TARGET_NAME)";
				SWIFT_EMIT_LOC_STRINGS = NO;
				SWIFT_VERSION = 5.0;
				TARGETED_DEVICE_FAMILY = "1,2";
				TEST_TARGET_NAME = NasaApp;
			};
			name = Debug;
		};
		9D0237E42917512B009CB6AD /* Release */ = {
			isa = XCBuildConfiguration;
			buildSettings = {
				ALWAYS_EMBED_SWIFT_STANDARD_LIBRARIES = YES;
				CODE_SIGN_STYLE = Automatic;
				CURRENT_PROJECT_VERSION = 1;
				DEVELOPMENT_TEAM = G5MKB94D7W;
				GENERATE_INFOPLIST_FILE = YES;
				MARKETING_VERSION = 1.0;
				PRODUCT_BUNDLE_IDENTIFIER = job.NasaAppUITests;
				PRODUCT_NAME = "$(TARGET_NAME)";
				SWIFT_EMIT_LOC_STRINGS = NO;
				SWIFT_VERSION = 5.0;
				TARGETED_DEVICE_FAMILY = "1,2";
				TEST_TARGET_NAME = NasaApp;
			};
			name = Release;
		};
/* End XCBuildConfiguration section */

/* Begin XCConfigurationList section */
		9D0237B329175129009CB6AD /* Build configuration list for PBXProject "NasaApp" */ = {
			isa = XCConfigurationList;
			buildConfigurations = (
				9D0237DA2917512B009CB6AD /* Debug */,
				9D0237DB2917512B009CB6AD /* Release */,
			);
			defaultConfigurationIsVisible = 0;
			defaultConfigurationName = Release;
		};
		9D0237DC2917512B009CB6AD /* Build configuration list for PBXNativeTarget "NasaApp" */ = {
			isa = XCConfigurationList;
			buildConfigurations = (
				9D0237DD2917512B009CB6AD /* Debug */,
				9D0237DE2917512B009CB6AD /* Release */,
			);
			defaultConfigurationIsVisible = 0;
			defaultConfigurationName = Release;
		};
		9D0237DF2917512B009CB6AD /* Build configuration list for PBXNativeTarget "NasaAppTests" */ = {
			isa = XCConfigurationList;
			buildConfigurations = (
				9D0237E02917512B009CB6AD /* Debug */,
				9D0237E12917512B009CB6AD /* Release */,
			);
			defaultConfigurationIsVisible = 0;
			defaultConfigurationName = Release;
		};
		9D0237E22917512B009CB6AD /* Build configuration list for PBXNativeTarget "NasaAppUITests" */ = {
			isa = XCConfigurationList;
			buildConfigurations = (
				9D0237E32917512B009CB6AD /* Debug */,
				9D0237E42917512B009CB6AD /* Release */,
			);
			defaultConfigurationIsVisible = 0;
			defaultConfigurationName = Release;
		};
/* End XCConfigurationList section */
	};
	rootObject = 9D0237B029175129009CB6AD /* Project object */;
}
